
Microsoft Visual Studio Solution File, Format Version 12.00
# Visual Studio Express 2012 for Windows Desktop
Project("{8BC9CEB8-8B4A-11D0-8D11-00A0C91BC942}") = "HW2-1", "HW2-1\HW2-1.vcxproj", "{46F1AA3A-0AC9-47FF-B2EA-F08CE556C89E}"
EndProject
Project("{8BC9CEB8-8B4A-11D0-8D11-00A0C91BC942}") = "HW2-2", "HW2-2\HW2-2.vcxproj", "{66147224-F026-46BB-9F72-1DFD5546ABA4}"
EndProject
Project("{8BC9CEB8-8B4A-11D0-8D11-00A0C91BC942}") = "HW2-3", "HW2-3\HW2-3.vcxproj", "{835CC179-99FC-46B4-BBBD-BBFF2291F811}"
EndProject
Project("{8BC9CEB8-8B4A-11D0-8D11-00A0C91BC942}") = "HW2-4", "HW2-4\HW2-4.vcxproj", "{315673D6-BBB1-443B-B978-B0EFF79C70FE}"
EndProject
Project("{8BC9CEB8-8B4A-11D0-8D11-00A0C91BC942}") = "HW2-5", "HW2-5\HW2-5.vcxproj", "{1FDBADF8-29A5-4E87-877F-3AF9AF8E53A5}"
EndProject
Project("{8BC9CEB8-8B4A-11D0-8D11-00A0C91BC942}") = "HW2-6", "HW2-6\HW2-6.vcxproj", "{A3D95774-D0CC-495B-BCF2-374C5A732B7B}"
EndProject
Project("{8BC9CEB8-8B4A-11D0-8D11-00A0C91BC942}") = "HW2-7", "HW2-7\HW2-7.vcxproj", "{1690F99F-E947-475B-9946-0DFF0187776C}"
EndProject
Project("{8BC9CEB8-8B4A-11D0-8D11-00A0C91BC942}") = "HW2-8", "HW2-8\HW2-8.vcxproj", "{4F810B6C-2084-46A3-A624-4B58C995B681}"
EndProject
Project("{8BC9CEB8-8B4A-11D0-8D11-00A0C91BC942}") = "HW2-9", "HW2-9\HW2-9.vcxproj", "{91F3BFEA-110A-45C0-ABF7-4709A4206F23}"
EndProject
Project("{8BC9CEB8-8B4A-11D0-8D11-00A0C91BC942}") = "HW2-10", "HW2-10\HW2-10.vcxproj", "{286D4140-D49C-420F-B214-BC359836335E}"
EndProject
Project("{8BC9CEB8-8B4A-11D0-8D11-00A0C91BC942}") = "HW2-11", "HW2-11\HW2-11.vcxproj", "{627374B8-7F26-4BC4-963B-42E0331292B9}"
EndProject
Project("{8BC9CEB8-8B4A-11D0-8D11-00A0C91BC942}") = "HW2-12", "HW2-12\HW2-12.vcxproj", "{1595CE2B-E801-4DD1-8D8F-9E6F65917F90}"
EndProject
Project("{8BC9CEB8-8B4A-11D0-8D11-00A0C91BC942}") = "HW2-13", "HW2-13\HW2-13.vcxproj", "{37EACE77-A922-4616-BFF3-40926783F0E7}"
EndProject
Project("{8BC9CEB8-8B4A-11D0-8D11-00A0C91BC942}") = "HW2-14", "HW2-14\HW2-14.vcxproj", "{926BCB60-D27F-4ABE-9111-E0368A2D886C}"
EndProject
Project("{8BC9CEB8-8B4A-11D0-8D11-00A0C91BC942}") = "HW2-15", "HW2-15\HW2-15.vcxproj", "{E3D34A51-4D22-4009-817E-AFBDE8474D9B}"
EndProject
Project("{8BC9CEB8-8B4A-11D0-8D11-00A0C91BC942}") = "HW2-16", "HW2-16\HW2-16.vcxproj", "{0F643BA0-F580-4859-A579-6F919A907492}"
EndProject
Project("{8BC9CEB8-8B4A-11D0-8D11-00A0C91BC942}") = "HW2-17", "HW2-17\HW2-17.vcxproj", "{06F3F7B1-69A0-4937-BFA2-62499A1FE19B}"
EndProject
Project("{8BC9CEB8-8B4A-11D0-8D11-00A0C91BC942}") = "HW2-18", "HW2-18\HW2-18.vcxproj", "{BB283197-7D0E-4AE8-8746-EFAD424DF6B0}"
EndProject
Project("{8BC9CEB8-8B4A-11D0-8D11-00A0C91BC942}") = "HW2-19", "HW2-19\HW2-19.vcxproj", "{D50C3B4B-73E7-4361-BBF4-6B8EFAA707AA}"
EndProject
Project("{8BC9CEB8-8B4A-11D0-8D11-00A0C91BC942}") = "HW2-20", "HW2-20\HW2-20.vcxproj", "{64706CC7-0458-4D58-8E24-1C77F00FEFED}"
EndProject
Project("{8BC9CEB8-8B4A-11D0-8D11-00A0C91BC942}") = "HW2-21", "HW2-21\HW2-21.vcxproj", "{D4A8EE8E-9DFA-4C9A-A620-4937258F9C37}"
EndProject
Project("{8BC9CEB8-8B4A-11D0-8D11-00A0C91BC942}") = "HW2-22", "HW2-22\HW2-22.vcxproj", "{8629EC61-5AFE-4407-AED2-AEA9FB14C3D4}"
EndProject
Project("{8BC9CEB8-8B4A-11D0-8D11-00A0C91BC942}") = "HW2-23", "HW2-23\HW2-23.vcxproj", "{7E5AECF9-67D6-4632-B42A-73051C8116AC}"
EndProject
Project("{8BC9CEB8-8B4A-11D0-8D11-00A0C91BC942}") = "HW2-24", "HW2-24\HW2-24.vcxproj", "{C5A64449-5F65-42E4-963A-6DD2F7DE5430}"
EndProject
Project("{8BC9CEB8-8B4A-11D0-8D11-00A0C91BC942}") = "HW2-25", "HW2-25\HW2-25.vcxproj", "{AEA72E44-D27D-4017-B8F2-96511877E2CC}"
EndProject
Global
	GlobalSection(SolutionConfigurationPlatforms) = preSolution
		Debug|Win32 = Debug|Win32
		Release|Win32 = Release|Win32
	EndGlobalSection
	GlobalSection(ProjectConfigurationPlatforms) = postSolution
		{46F1AA3A-0AC9-47FF-B2EA-F08CE556C89E}.Debug|Win32.ActiveCfg = Debug|Win32
		{46F1AA3A-0AC9-47FF-B2EA-F08CE556C89E}.Debug|Win32.Build.0 = Debug|Win32
		{46F1AA3A-0AC9-47FF-B2EA-F08CE556C89E}.Release|Win32.ActiveCfg = Release|Win32
		{46F1AA3A-0AC9-47FF-B2EA-F08CE556C89E}.Release|Win32.Build.0 = Release|Win32
		{66147224-F026-46BB-9F72-1DFD5546ABA4}.Debug|Win32.ActiveCfg = Debug|Win32
		{66147224-F026-46BB-9F72-1DFD5546ABA4}.Debug|Win32.Build.0 = Debug|Win32
		{66147224-F026-46BB-9F72-1DFD5546ABA4}.Release|Win32.ActiveCfg = Release|Win32
		{66147224-F026-46BB-9F72-1DFD5546ABA4}.Release|Win32.Build.0 = Release|Win32
		{835CC179-99FC-46B4-BBBD-BBFF2291F811}.Debug|Win32.ActiveCfg = Debug|Win32
		{835CC179-99FC-46B4-BBBD-BBFF2291F811}.Debug|Win32.Build.0 = Debug|Win32
		{835CC179-99FC-46B4-BBBD-BBFF2291F811}.Release|Win32.ActiveCfg = Release|Win32
		{835CC179-99FC-46B4-BBBD-BBFF2291F811}.Release|Win32.Build.0 = Release|Win32
		{315673D6-BBB1-443B-B978-B0EFF79C70FE}.Debug|Win32.ActiveCfg = Debug|Win32
		{315673D6-BBB1-443B-B978-B0EFF79C70FE}.Debug|Win32.Build.0 = Debug|Win32
		{315673D6-BBB1-443B-B978-B0EFF79C70FE}.Release|Win32.ActiveCfg = Release|Win32
		{315673D6-BBB1-443B-B978-B0EFF79C70FE}.Release|Win32.Build.0 = Release|Win32
		{1FDBADF8-29A5-4E87-877F-3AF9AF8E53A5}.Debug|Win32.ActiveCfg = Debug|Win32
		{1FDBADF8-29A5-4E87-877F-3AF9AF8E53A5}.Debug|Win32.Build.0 = Debug|Win32
		{1FDBADF8-29A5-4E87-877F-3AF9AF8E53A5}.Release|Win32.ActiveCfg = Release|Win32
		{1FDBADF8-29A5-4E87-877F-3AF9AF8E53A5}.Release|Win32.Build.0 = Release|Win32
		{A3D95774-D0CC-495B-BCF2-374C5A732B7B}.Debug|Win32.ActiveCfg = Debug|Win32
		{A3D95774-D0CC-495B-BCF2-374C5A732B7B}.Debug|Win32.Build.0 = Debug|Win32
		{A3D95774-D0CC-495B-BCF2-374C5A732B7B}.Release|Win32.ActiveCfg = Release|Win32
		{A3D95774-D0CC-495B-BCF2-374C5A732B7B}.Release|Win32.Build.0 = Release|Win32
		{1690F99F-E947-475B-9946-0DFF0187776C}.Debug|Win32.ActiveCfg = Debug|Win32
		{1690F99F-E947-475B-9946-0DFF0187776C}.Debug|Win32.Build.0 = Debug|Win32
		{1690F99F-E947-475B-9946-0DFF0187776C}.Release|Win32.ActiveCfg = Release|Win32
		{1690F99F-E947-475B-9946-0DFF0187776C}.Release|Win32.Build.0 = Release|Win32
		{4F810B6C-2084-46A3-A624-4B58C995B681}.Debug|Win32.ActiveCfg = Debug|Win32
		{4F810B6C-2084-46A3-A624-4B58C995B681}.Debug|Win32.Build.0 = Debug|Win32
		{4F810B6C-2084-46A3-A624-4B58C995B681}.Release|Win32.ActiveCfg = Release|Win32
		{4F810B6C-2084-46A3-A624-4B58C995B681}.Release|Win32.Build.0 = Release|Win32
		{91F3BFEA-110A-45C0-ABF7-4709A4206F23}.Debug|Win32.ActiveCfg = Debug|Win32
		{91F3BFEA-110A-45C0-ABF7-4709A4206F23}.Debug|Win32.Build.0 = Debug|Win32
		{91F3BFEA-110A-45C0-ABF7-4709A4206F23}.Release|Win32.ActiveCfg = Release|Win32
		{91F3BFEA-110A-45C0-ABF7-4709A4206F23}.Release|Win32.Build.0 = Release|Win32
		{286D4140-D49C-420F-B214-BC359836335E}.Debug|Win32.ActiveCfg = Debug|Win32
		{286D4140-D49C-420F-B214-BC359836335E}.Debug|Win32.Build.0 = Debug|Win32
		{286D4140-D49C-420F-B214-BC359836335E}.Release|Win32.ActiveCfg = Release|Win32
		{286D4140-D49C-420F-B214-BC359836335E}.Release|Win32.Build.0 = Release|Win32
		{627374B8-7F26-4BC4-963B-42E0331292B9}.Debug|Win32.ActiveCfg = Debug|Win32
		{627374B8-7F26-4BC4-963B-42E0331292B9}.Debug|Win32.Build.0 = Debug|Win32
		{627374B8-7F26-4BC4-963B-42E0331292B9}.Release|Win32.ActiveCfg = Release|Win32
		{627374B8-7F26-4BC4-963B-42E0331292B9}.Release|Win32.Build.0 = Release|Win32
		{1595CE2B-E801-4DD1-8D8F-9E6F65917F90}.Debug|Win32.ActiveCfg = Debug|Win32
		{1595CE2B-E801-4DD1-8D8F-9E6F65917F90}.Debug|Win32.Build.0 = Debug|Win32
		{1595CE2B-E801-4DD1-8D8F-9E6F65917F90}.Release|Win32.ActiveCfg = Release|Win32
		{1595CE2B-E801-4DD1-8D8F-9E6F65917F90}.Release|Win32.Build.0 = Release|Win32
		{37EACE77-A922-4616-BFF3-40926783F0E7}.Debug|Win32.ActiveCfg = Debug|Win32
		{37EACE77-A922-4616-BFF3-40926783F0E7}.Debug|Win32.Build.0 = Debug|Win32
		{37EACE77-A922-4616-BFF3-40926783F0E7}.Release|Win32.ActiveCfg = Release|Win32
		{37EACE77-A922-4616-BFF3-40926783F0E7}.Release|Win32.Build.0 = Release|Win32
		{926BCB60-D27F-4ABE-9111-E0368A2D886C}.Debug|Win32.ActiveCfg = Debug|Win32
		{926BCB60-D27F-4ABE-9111-E0368A2D886C}.Debug|Win32.Build.0 = Debug|Win32
		{926BCB60-D27F-4ABE-9111-E0368A2D886C}.Release|Win32.ActiveCfg = Release|Win32
		{926BCB60-D27F-4ABE-9111-E0368A2D886C}.Release|Win32.Build.0 = Release|Win32
		{E3D34A51-4D22-4009-817E-AFBDE8474D9B}.Debug|Win32.ActiveCfg = Debug|Win32
		{E3D34A51-4D22-4009-817E-AFBDE8474D9B}.Debug|Win32.Build.0 = Debug|Win32
		{E3D34A51-4D22-4009-817E-AFBDE8474D9B}.Release|Win32.ActiveCfg = Release|Win32
		{E3D34A51-4D22-4009-817E-AFBDE8474D9B}.Release|Win32.Build.0 = Release|Win32
		{0F643BA0-F580-4859-A579-6F919A907492}.Debug|Win32.ActiveCfg = Debug|Win32
		{0F643BA0-F580-4859-A579-6F919A907492}.Debug|Win32.Build.0 = Debug|Win32
		{0F643BA0-F580-4859-A579-6F919A907492}.Release|Win32.ActiveCfg = Release|Win32
		{0F643BA0-F580-4859-A579-6F919A907492}.Release|Win32.Build.0 = Release|Win32
		{06F3F7B1-69A0-4937-BFA2-62499A1FE19B}.Debug|Win32.ActiveCfg = Debug|Win32
		{06F3F7B1-69A0-4937-BFA2-62499A1FE19B}.Debug|Win32.Build.0 = Debug|Win32
		{06F3F7B1-69A0-4937-BFA2-62499A1FE19B}.Release|Win32.ActiveCfg = Release|Win32
		{06F3F7B1-69A0-4937-BFA2-62499A1FE19B}.Release|Win32.Build.0 = Release|Win32
		{BB283197-7D0E-4AE8-8746-EFAD424DF6B0}.Debug|Win32.ActiveCfg = Debug|Win32
		{BB283197-7D0E-4AE8-8746-EFAD424DF6B0}.Debug|Win32.Build.0 = Debug|Win32
		{BB283197-7D0E-4AE8-8746-EFAD424DF6B0}.Release|Win32.ActiveCfg = Release|Win32
		{BB283197-7D0E-4AE8-8746-EFAD424DF6B0}.Release|Win32.Build.0 = Release|Win32
		{D50C3B4B-73E7-4361-BBF4-6B8EFAA707AA}.Debug|Win32.ActiveCfg = Debug|Win32
		{D50C3B4B-73E7-4361-BBF4-6B8EFAA707AA}.Debug|Win32.Build.0 = Debug|Win32
		{D50C3B4B-73E7-4361-BBF4-6B8EFAA707AA}.Release|Win32.ActiveCfg = Release|Win32
		{D50C3B4B-73E7-4361-BBF4-6B8EFAA707AA}.Release|Win32.Build.0 = Release|Win32
		{64706CC7-0458-4D58-8E24-1C77F00FEFED}.Debug|Win32.ActiveCfg = Debug|Win32
		{64706CC7-0458-4D58-8E24-1C77F00FEFED}.Debug|Win32.Build.0 = Debug|Win32
		{64706CC7-0458-4D58-8E24-1C77F00FEFED}.Release|Win32.ActiveCfg = Release|Win32
		{64706CC7-0458-4D58-8E24-1C77F00FEFED}.Release|Win32.Build.0 = Release|Win32
		{D4A8EE8E-9DFA-4C9A-A620-4937258F9C37}.Debug|Win32.ActiveCfg = Debug|Win32
		{D4A8EE8E-9DFA-4C9A-A620-4937258F9C37}.Debug|Win32.Build.0 = Debug|Win32
		{D4A8EE8E-9DFA-4C9A-A620-4937258F9C37}.Release|Win32.ActiveCfg = Release|Win32
		{D4A8EE8E-9DFA-4C9A-A620-4937258F9C37}.Release|Win32.Build.0 = Release|Win32
		{8629EC61-5AFE-4407-AED2-AEA9FB14C3D4}.Debug|Win32.ActiveCfg = Debug|Win32
		{8629EC61-5AFE-4407-AED2-AEA9FB14C3D4}.Debug|Win32.Build.0 = Debug|Win32
		{8629EC61-5AFE-4407-AED2-AEA9FB14C3D4}.Release|Win32.ActiveCfg = Release|Win32
		{8629EC61-5AFE-4407-AED2-AEA9FB14C3D4}.Release|Win32.Build.0 = Release|Win32
		{7E5AECF9-67D6-4632-B42A-73051C8116AC}.Debug|Win32.ActiveCfg = Debug|Win32
		{7E5AECF9-67D6-4632-B42A-73051C8116AC}.Debug|Win32.Build.0 = Debug|Win32
		{7E5AECF9-67D6-4632-B42A-73051C8116AC}.Release|Win32.ActiveCfg = Release|Win32
		{7E5AECF9-67D6-4632-B42A-73051C8116AC}.Release|Win32.Build.0 = Release|Win32
		{C5A64449-5F65-42E4-963A-6DD2F7DE5430}.Debug|Win32.ActiveCfg = Debug|Win32
		{C5A64449-5F65-42E4-963A-6DD2F7DE5430}.Debug|Win32.Build.0 = Debug|Win32
		{C5A64449-5F65-42E4-963A-6DD2F7DE5430}.Release|Win32.ActiveCfg = Release|Win32
		{C5A64449-5F65-42E4-963A-6DD2F7DE5430}.Release|Win32.Build.0 = Release|Win32
		{AEA72E44-D27D-4017-B8F2-96511877E2CC}.Debug|Win32.ActiveCfg = Debug|Win32
		{AEA72E44-D27D-4017-B8F2-96511877E2CC}.Debug|Win32.Build.0 = Debug|Win32
		{AEA72E44-D27D-4017-B8F2-96511877E2CC}.Release|Win32.ActiveCfg = Release|Win32
		{AEA72E44-D27D-4017-B8F2-96511877E2CC}.Release|Win32.Build.0 = Release|Win32
	EndGlobalSection
	GlobalSection(SolutionProperties) = preSolution
		HideSolutionNode = FALSE
	EndGlobalSection
EndGlobal
