
Microsoft Visual Studio Solution File, Format Version 12.00
# Visual Studio Express 2012 for Windows Desktop
Project("{8BC9CEB8-8B4A-11D0-8D11-00A0C91BC942}") = "20181204", "20181204\20181204.vcxproj", "{7F51B01A-9F04-47C4-BB64-D7D6930B5586}"
EndProject
Project("{8BC9CEB8-8B4A-11D0-8D11-00A0C91BC942}") = "20181204_2", "20181204_2\20181204_2.vcxproj", "{F600395A-BC46-472C-A1BD-A2EF27504F2E}"
EndProject
Project("{8BC9CEB8-8B4A-11D0-8D11-00A0C91BC942}") = "20181204_3", "20181204_3\20181204_3.vcxproj", "{5D3FB5CF-AEB5-4AC6-903E-78E84074FEAE}"
EndProject
Global
	GlobalSection(SolutionConfigurationPlatforms) = preSolution
		Debug|Win32 = Debug|Win32
		Release|Win32 = Release|Win32
	EndGlobalSection
	GlobalSection(ProjectConfigurationPlatforms) = postSolution
		{7F51B01A-9F04-47C4-BB64-D7D6930B5586}.Debug|Win32.ActiveCfg = Debug|Win32
		{7F51B01A-9F04-47C4-BB64-D7D6930B5586}.Debug|Win32.Build.0 = Debug|Win32
		{7F51B01A-9F04-47C4-BB64-D7D6930B5586}.Release|Win32.ActiveCfg = Release|Win32
		{7F51B01A-9F04-47C4-BB64-D7D6930B5586}.Release|Win32.Build.0 = Release|Win32
		{F600395A-BC46-472C-A1BD-A2EF27504F2E}.Debug|Win32.ActiveCfg = Debug|Win32
		{F600395A-BC46-472C-A1BD-A2EF27504F2E}.Debug|Win32.Build.0 = Debug|Win32
		{F600395A-BC46-472C-A1BD-A2EF27504F2E}.Release|Win32.ActiveCfg = Release|Win32
		{F600395A-BC46-472C-A1BD-A2EF27504F2E}.Release|Win32.Build.0 = Release|Win32
		{5D3FB5CF-AEB5-4AC6-903E-78E84074FEAE}.Debug|Win32.ActiveCfg = Debug|Win32
		{5D3FB5CF-AEB5-4AC6-903E-78E84074FEAE}.Debug|Win32.Build.0 = Debug|Win32
		{5D3FB5CF-AEB5-4AC6-903E-78E84074FEAE}.Release|Win32.ActiveCfg = Release|Win32
		{5D3FB5CF-AEB5-4AC6-903E-78E84074FEAE}.Release|Win32.Build.0 = Release|Win32
	EndGlobalSection
	GlobalSection(SolutionProperties) = preSolution
		HideSolutionNode = FALSE
	EndGlobalSection
EndGlobal
